
Microsoft Visual Studio Solution File, Format Version 12.00
# Visual Studio Version 17
VisualStudioVersion = 17.10.35122.118
MinimumVisualStudioVersion = 10.0.40219.1
Project("{9A19103F-16F7-4668-BE54-9A1E7A4F7556}") = "Presentation", "Presentation.csproj", "{6AAD22D9-E3C4-4047-9A29-D848F0D8DB15}"
EndProject
Project("{FAE04EC0-301F-11D3-BF4B-00C04F79EFBC}") = "DAL", "..\Presentation\DAL.csproj", "{486BF5B4-DA84-498C-990A-83F60E0E8D8C}"
EndProject
Project("{FAE04EC0-301F-11D3-BF4B-00C04F79EFBC}") = "Logic", "..\Logic\Logic.csproj", "{D7D7BA6A-1803-4811-9F7E-A08523D173CE}"
EndProject
Global
	GlobalSection(SolutionConfigurationPlatforms) = preSolution
		Debug|Any CPU = Debug|Any CPU
		Release|Any CPU = Release|Any CPU
	EndGlobalSection
	GlobalSection(ProjectConfigurationPlatforms) = postSolution
		{6AAD22D9-E3C4-4047-9A29-D848F0D8DB15}.Debug|Any CPU.ActiveCfg = Debug|Any CPU
		{6AAD22D9-E3C4-4047-9A29-D848F0D8DB15}.Debug|Any CPU.Build.0 = Debug|Any CPU
		{6AAD22D9-E3C4-4047-9A29-D848F0D8DB15}.Release|Any CPU.ActiveCfg = Release|Any CPU
		{6AAD22D9-E3C4-4047-9A29-D848F0D8DB15}.Release|Any CPU.Build.0 = Release|Any CPU
		{486BF5B4-DA84-498C-990A-83F60E0E8D8C}.Debug|Any CPU.ActiveCfg = Debug|Any CPU
		{486BF5B4-DA84-498C-990A-83F60E0E8D8C}.Debug|Any CPU.Build.0 = Debug|Any CPU
		{486BF5B4-DA84-498C-990A-83F60E0E8D8C}.Release|Any CPU.ActiveCfg = Release|Any CPU
		{486BF5B4-DA84-498C-990A-83F60E0E8D8C}.Release|Any CPU.Build.0 = Release|Any CPU
		{D7D7BA6A-1803-4811-9F7E-A08523D173CE}.Debug|Any CPU.ActiveCfg = Debug|Any CPU
		{D7D7BA6A-1803-4811-9F7E-A08523D173CE}.Debug|Any CPU.Build.0 = Debug|Any CPU
		{D7D7BA6A-1803-4811-9F7E-A08523D173CE}.Release|Any CPU.ActiveCfg = Release|Any CPU
		{D7D7BA6A-1803-4811-9F7E-A08523D173CE}.Release|Any CPU.Build.0 = Release|Any CPU
	EndGlobalSection
	GlobalSection(SolutionProperties) = preSolution
		HideSolutionNode = FALSE
	EndGlobalSection
	GlobalSection(ExtensibilityGlobals) = postSolution
		SolutionGuid = {56F81B70-DC36-4DB4-9D45-754F74204260}
	EndGlobalSection
EndGlobal
